
Microsoft Visual Studio Solution File, Format Version 12.00
# Visual Studio Version 17
VisualStudioVersion = 17.2.32616.157
MinimumVisualStudioVersion = 10.0.40219.1
Project("{FAE04EC0-301F-11D3-BF4B-00C04F79EFBC}") = "ООО «Моделька»", "ООО «Моделька»\ООО «Моделька».csproj", "{1D197E41-B173-497F-B924-DCAFFC3169A2}"
EndProject
Global
	GlobalSection(SolutionConfigurationPlatforms) = preSolution
		Debug|Any CPU = Debug|Any CPU
		Release|Any CPU = Release|Any CPU
	EndGlobalSection
	GlobalSection(ProjectConfigurationPlatforms) = postSolution
		{1D197E41-B173-497F-B924-DCAFFC3169A2}.Debug|Any CPU.ActiveCfg = Debug|Any CPU
		{1D197E41-B173-497F-B924-DCAFFC3169A2}.Debug|Any CPU.Build.0 = Debug|Any CPU
		{1D197E41-B173-497F-B924-DCAFFC3169A2}.Release|Any CPU.ActiveCfg = Release|Any CPU
		{1D197E41-B173-497F-B924-DCAFFC3169A2}.Release|Any CPU.Build.0 = Release|Any CPU
	EndGlobalSection
	GlobalSection(SolutionProperties) = preSolution
		HideSolutionNode = FALSE
	EndGlobalSection
	GlobalSection(ExtensibilityGlobals) = postSolution
		SolutionGuid = {1BEAF38D-6CC2-40EE-AE9C-D120018F4FC9}
	EndGlobalSection
EndGlobal
